{
    "name": "hexo-generator-better-sitemap",
    "version": "1.0.7",
    "lockfileVersion": 2,
    "requires": true,
    "packages": {
        "": {
            "name": "hexo-generator-better-sitemap",
            "version": "1.0.7",
            "license": "MIT",
            "dependencies": {
                "@sukka/ejs": "^3.1.7",
                "moment": "^2.24.0",
                "url-join": "^4.0.1"
            },
            "engines": {
                "node": ">=12"
            }
        },
        "node_modules/@sukka/ejs": {
            "version": "3.1.7",
            "resolved": "https://registry.npmjs.org/@sukka/ejs/-/ejs-3.1.7.tgz",
            "integrity": "sha512-jCB85NkpHnx38L2dskKUMyuVep/94BJpNEIBZVFfOSosSLDFRzyyEk710fCHOknY3D3N4CG5FZrjpPynAqzv2g==",
            "engines": {
                "node": ">=0.10.0"
            }
        },
        "node_modules/moment": {
            "version": "2.29.2",
            "resolved": "https://registry.npmjs.org/moment/-/moment-2.29.2.tgz",
            "integrity": "sha512-UgzG4rvxYpN15jgCmVJwac49h9ly9NurikMWGPdVxm8GZD6XjkKPxDTjQQ43gtGgnV3X0cAyWDdP2Wexoquifg==",
            "engines": {
                "node": "*"
            }
        },
        "node_modules/url-join": {
            "version": "4.0.1",
            "resolved": "https://registry.npmjs.org/url-join/-/url-join-4.0.1.tgz",
            "integrity": "sha512-jk1+QP6ZJqyOiuEI9AEWQfju/nB2Pw466kbA0LEZljHwKeMgd9WrAEgEGxjPDD2+TNbbb37rTyhEfrCXfuKXnA=="
        }
    },
    "dependencies": {
        "@sukka/ejs": {
            "version": "3.1.7",
            "resolved": "https://registry.npmjs.org/@sukka/ejs/-/ejs-3.1.7.tgz",
            "integrity": "sha512-jCB85NkpHnx38L2dskKUMyuVep/94BJpNEIBZVFfOSosSLDFRzyyEk710fCHOknY3D3N4CG5FZrjpPynAqzv2g=="
        },
        "moment": {
            "version": "2.29.2",
            "resolved": "https://registry.npmjs.org/moment/-/moment-2.29.2.tgz",
            "integrity": "sha512-UgzG4rvxYpN15jgCmVJwac49h9ly9NurikMWGPdVxm8GZD6XjkKPxDTjQQ43gtGgnV3X0cAyWDdP2Wexoquifg=="
        },
        "url-join": {
            "version": "4.0.1",
            "resolved": "https://registry.npmjs.org/url-join/-/url-join-4.0.1.tgz",
            "integrity": "sha512-jk1+QP6ZJqyOiuEI9AEWQfju/nB2Pw466kbA0LEZljHwKeMgd9WrAEgEGxjPDD2+TNbbb37rTyhEfrCXfuKXnA=="
        }
    }
}
